
Microsoft Visual Studio Solution File, Format Version 12.00
# Visual Studio Version 16
VisualStudioVersion = 16.0.32228.343
MinimumVisualStudioVersion = 10.0.40219.1
Project("{FAE04EC0-301F-11D3-BF4B-00C04F79EFBC}") = "Intro_API_Web", "Intro_API_Web\Intro_API_Web.csproj", "{51D588E9-259C-4D5F-9282-65C843DB4108}"
EndProject
Global
	GlobalSection(SolutionConfigurationPlatforms) = preSolution
		Debug|Any CPU = Debug|Any CPU
		Release|Any CPU = Release|Any CPU
	EndGlobalSection
	GlobalSection(ProjectConfigurationPlatforms) = postSolution
		{51D588E9-259C-4D5F-9282-65C843DB4108}.Debug|Any CPU.ActiveCfg = Debug|Any CPU
		{51D588E9-259C-4D5F-9282-65C843DB4108}.Debug|Any CPU.Build.0 = Debug|Any CPU
		{51D588E9-259C-4D5F-9282-65C843DB4108}.Release|Any CPU.ActiveCfg = Release|Any CPU
		{51D588E9-259C-4D5F-9282-65C843DB4108}.Release|Any CPU.Build.0 = Release|Any CPU
	EndGlobalSection
	GlobalSection(SolutionProperties) = preSolution
		HideSolutionNode = FALSE
	EndGlobalSection
	GlobalSection(ExtensibilityGlobals) = postSolution
		SolutionGuid = {10A25694-E7FB-44EC-8DA4-68826705FFAE}
	EndGlobalSection
EndGlobal
